
Microsoft Visual Studio Solution File, Format Version 12.00
# Visual Studio Version 17
VisualStudioVersion = 17.9.34622.214
MinimumVisualStudioVersion = 10.0.40219.1
Project("{FAE04EC0-301F-11D3-BF4B-00C04F79EFBC}") = "digitalClock", "digitalClock\digitalClock.csproj", "{B840E016-E419-4302-A11E-DC5CD1A6D97E}"
EndProject
Global
	GlobalSection(SolutionConfigurationPlatforms) = preSolution
		Debug|Any CPU = Debug|Any CPU
		Release|Any CPU = Release|Any CPU
	EndGlobalSection
	GlobalSection(ProjectConfigurationPlatforms) = postSolution
		{B840E016-E419-4302-A11E-DC5CD1A6D97E}.Debug|Any CPU.ActiveCfg = Debug|Any CPU
		{B840E016-E419-4302-A11E-DC5CD1A6D97E}.Debug|Any CPU.Build.0 = Debug|Any CPU
		{B840E016-E419-4302-A11E-DC5CD1A6D97E}.Release|Any CPU.ActiveCfg = Release|Any CPU
		{B840E016-E419-4302-A11E-DC5CD1A6D97E}.Release|Any CPU.Build.0 = Release|Any CPU
	EndGlobalSection
	GlobalSection(SolutionProperties) = preSolution
		HideSolutionNode = FALSE
	EndGlobalSection
	GlobalSection(ExtensibilityGlobals) = postSolution
		SolutionGuid = {74CFE251-B05B-4FE8-9644-47023A5CABFF}
	EndGlobalSection
EndGlobal
