
Microsoft Visual Studio Solution File, Format Version 12.00
# Visual Studio Version 17
VisualStudioVersion = 17.9.34622.214
MinimumVisualStudioVersion = 10.0.40219.1
Project("{FAE04EC0-301F-11D3-BF4B-00C04F79EFBC}") = "textAndMusic", "textAndMusic\textAndMusic.csproj", "{B621C1ED-9C25-40BA-A38E-184D31CBA89B}"
EndProject
Global
	GlobalSection(SolutionConfigurationPlatforms) = preSolution
		Debug|Any CPU = Debug|Any CPU
		Release|Any CPU = Release|Any CPU
	EndGlobalSection
	GlobalSection(ProjectConfigurationPlatforms) = postSolution
		{B621C1ED-9C25-40BA-A38E-184D31CBA89B}.Debug|Any CPU.ActiveCfg = Debug|Any CPU
		{B621C1ED-9C25-40BA-A38E-184D31CBA89B}.Debug|Any CPU.Build.0 = Debug|Any CPU
		{B621C1ED-9C25-40BA-A38E-184D31CBA89B}.Release|Any CPU.ActiveCfg = Release|Any CPU
		{B621C1ED-9C25-40BA-A38E-184D31CBA89B}.Release|Any CPU.Build.0 = Release|Any CPU
	EndGlobalSection
	GlobalSection(SolutionProperties) = preSolution
		HideSolutionNode = FALSE
	EndGlobalSection
	GlobalSection(ExtensibilityGlobals) = postSolution
		SolutionGuid = {9DAD46DC-E999-4102-995B-DD840A0707B1}
	EndGlobalSection
EndGlobal
