
Microsoft Visual Studio Solution File, Format Version 12.00
# Visual Studio Version 17
VisualStudioVersion = 17.9.34622.214
MinimumVisualStudioVersion = 10.0.40219.1
Project("{FAE04EC0-301F-11D3-BF4B-00C04F79EFBC}") = "timer", "timer\timer.csproj", "{0EBEDA97-748F-43F5-965E-0ACBA3773039}"
EndProject
Global
	GlobalSection(SolutionConfigurationPlatforms) = preSolution
		Debug|Any CPU = Debug|Any CPU
		Release|Any CPU = Release|Any CPU
	EndGlobalSection
	GlobalSection(ProjectConfigurationPlatforms) = postSolution
		{0EBEDA97-748F-43F5-965E-0ACBA3773039}.Debug|Any CPU.ActiveCfg = Debug|Any CPU
		{0EBEDA97-748F-43F5-965E-0ACBA3773039}.Debug|Any CPU.Build.0 = Debug|Any CPU
		{0EBEDA97-748F-43F5-965E-0ACBA3773039}.Release|Any CPU.ActiveCfg = Release|Any CPU
		{0EBEDA97-748F-43F5-965E-0ACBA3773039}.Release|Any CPU.Build.0 = Release|Any CPU
	EndGlobalSection
	GlobalSection(SolutionProperties) = preSolution
		HideSolutionNode = FALSE
	EndGlobalSection
	GlobalSection(ExtensibilityGlobals) = postSolution
		SolutionGuid = {C4CDE9B0-9127-4696-B5FC-1A5A1196FD5B}
	EndGlobalSection
EndGlobal
