
Microsoft Visual Studio Solution File, Format Version 12.00
# Visual Studio Version 17
VisualStudioVersion = 17.9.34622.214
MinimumVisualStudioVersion = 10.0.40219.1
Project("{FAE04EC0-301F-11D3-BF4B-00C04F79EFBC}") = "objetivoLinha", "objetivoLinha\objetivoLinha.csproj", "{37DAFCA3-98D4-4341-AC64-5FFD1C0901EC}"
EndProject
Global
	GlobalSection(SolutionConfigurationPlatforms) = preSolution
		Debug|Any CPU = Debug|Any CPU
		Release|Any CPU = Release|Any CPU
	EndGlobalSection
	GlobalSection(ProjectConfigurationPlatforms) = postSolution
		{37DAFCA3-98D4-4341-AC64-5FFD1C0901EC}.Debug|Any CPU.ActiveCfg = Debug|Any CPU
		{37DAFCA3-98D4-4341-AC64-5FFD1C0901EC}.Debug|Any CPU.Build.0 = Debug|Any CPU
		{37DAFCA3-98D4-4341-AC64-5FFD1C0901EC}.Release|Any CPU.ActiveCfg = Release|Any CPU
		{37DAFCA3-98D4-4341-AC64-5FFD1C0901EC}.Release|Any CPU.Build.0 = Release|Any CPU
	EndGlobalSection
	GlobalSection(SolutionProperties) = preSolution
		HideSolutionNode = FALSE
	EndGlobalSection
	GlobalSection(ExtensibilityGlobals) = postSolution
		SolutionGuid = {776DA361-1E03-419B-A1AD-A8AC4636FE1A}
	EndGlobalSection
EndGlobal
